
Microsoft Visual Studio Solution File, Format Version 12.00
# Visual Studio Version 16
VisualStudioVersion = 16.0.34114.132
MinimumVisualStudioVersion = 10.0.40219.1
Project("{FAE04EC0-301F-11D3-BF4B-00C04F79EFBC}") = "Casino_in_cs", "Casino_in_cs\Casino_in_cs.csproj", "{7869CE8B-C6AB-4139-9865-CF26FB0CCF96}"
EndProject
Global
	GlobalSection(SolutionConfigurationPlatforms) = preSolution
		Debug|Any CPU = Debug|Any CPU
		Release|Any CPU = Release|Any CPU
	EndGlobalSection
	GlobalSection(ProjectConfigurationPlatforms) = postSolution
		{7869CE8B-C6AB-4139-9865-CF26FB0CCF96}.Debug|Any CPU.ActiveCfg = Debug|Any CPU
		{7869CE8B-C6AB-4139-9865-CF26FB0CCF96}.Debug|Any CPU.Build.0 = Debug|Any CPU
		{7869CE8B-C6AB-4139-9865-CF26FB0CCF96}.Release|Any CPU.ActiveCfg = Release|Any CPU
		{7869CE8B-C6AB-4139-9865-CF26FB0CCF96}.Release|Any CPU.Build.0 = Release|Any CPU
	EndGlobalSection
	GlobalSection(SolutionProperties) = preSolution
		HideSolutionNode = FALSE
	EndGlobalSection
	GlobalSection(ExtensibilityGlobals) = postSolution
		SolutionGuid = {C641B91D-E3E7-46E8-9FB3-F74532AC955A}
	EndGlobalSection
EndGlobal
